// !$*UTF8*$!
{
	archiveVersion = 1;
	classes = {
	};
	objectVersion = 55;
	objects = {

/* Begin PBXBuildFile section */
		0B61D423272D31CF00C9FC14 /* AppDelegate.swift in Sources */ = {isa = PBXBuildFile; fileRef = 0B61D422272D31CF00C9FC14 /* AppDelegate.swift */; };
		0B61D425272D31CF00C9FC14 /* SceneDelegate.swift in Sources */ = {isa = PBXBuildFile; fileRef = 0B61D424272D31CF00C9FC14 /* SceneDelegate.swift */; };
		0B61D427272D31CF00C9FC14 /* HomeVC.swift in Sources */ = {isa = PBXBuildFile; fileRef = 0B61D426272D31CF00C9FC14 /* HomeVC.swift */; };
		0B61D42A272D31CF00C9FC14 /* Main.storyboard in Resources */ = {isa = PBXBuildFile; fileRef = 0B61D428272D31CF00C9FC14 /* Main.storyboard */; };
		0B61D42C272D31D000C9FC14 /* Assets.xcassets in Resources */ = {isa = PBXBuildFile; fileRef = 0B61D42B272D31D000C9FC14 /* Assets.xcassets */; };
		0B61D42F272D31D000C9FC14 /* LaunchScreen.storyboard in Resources */ = {isa = PBXBuildFile; fileRef = 0B61D42D272D31D000C9FC14 /* LaunchScreen.storyboard */; };
		0B61D43D272D353F00C9FC14 /* HomeJsonModel.swift in Sources */ = {isa = PBXBuildFile; fileRef = 0B61D43C272D353F00C9FC14 /* HomeJsonModel.swift */; };
		0B61D43F272D369C00C9FC14 /* JsonWebService.swift in Sources */ = {isa = PBXBuildFile; fileRef = 0B61D43E272D369C00C9FC14 /* JsonWebService.swift */; };
		0B61D441272D504800C9FC14 /* ServiceColViewCell.swift in Sources */ = {isa = PBXBuildFile; fileRef = 0B61D440272D504800C9FC14 /* ServiceColViewCell.swift */; };
		0B61D443272D507100C9FC14 /* PopularColViewCell.swift in Sources */ = {isa = PBXBuildFile; fileRef = 0B61D442272D507100C9FC14 /* PopularColViewCell.swift */; };
		0B61D445272D508900C9FC14 /* PostColViewCell.swift in Sources */ = {isa = PBXBuildFile; fileRef = 0B61D444272D508900C9FC14 /* PostColViewCell.swift */; };
		D81FA5049305E2F7AEC86877 /* Pods_ArmutStudyCase.framework in Frameworks */ = {isa = PBXBuildFile; fileRef = 88A3115CD0D34CE6CD8C424A /* Pods_ArmutStudyCase.framework */; };
/* End PBXBuildFile section */

/* Begin PBXFileReference section */
		0B61D41F272D31CF00C9FC14 /* ArmutStudyCase.app */ = {isa = PBXFileReference; explicitFileType = wrapper.application; includeInIndex = 0; path = ArmutStudyCase.app; sourceTree = BUILT_PRODUCTS_DIR; };
		0B61D422272D31CF00C9FC14 /* AppDelegate.swift */ = {isa = PBXFileReference; lastKnownFileType = sourcecode.swift; path = AppDelegate.swift; sourceTree = "<group>"; };
		0B61D424272D31CF00C9FC14 /* SceneDelegate.swift */ = {isa = PBXFileReference; lastKnownFileType = sourcecode.swift; path = SceneDelegate.swift; sourceTree = "<group>"; };
		0B61D426272D31CF00C9FC14 /* HomeVC.swift */ = {isa = PBXFileReference; lastKnownFileType = sourcecode.swift; path = HomeVC.swift; sourceTree = "<group>"; };
		0B61D429272D31CF00C9FC14 /* Base */ = {isa = PBXFileReference; lastKnownFileType = file.storyboard; name = Base; path = Base.lproj/Main.storyboard; sourceTree = "<group>"; };
		0B61D42B272D31D000C9FC14 /* Assets.xcassets */ = {isa = PBXFileReference; lastKnownFileType = folder.assetcatalog; path = Assets.xcassets; sourceTree = "<group>"; };
		0B61D42E272D31D000C9FC14 /* Base */ = {isa = PBXFileReference; lastKnownFileType = file.storyboard; name = Base; path = Base.lproj/LaunchScreen.storyboard; sourceTree = "<group>"; };
		0B61D430272D31D000C9FC14 /* Info.plist */ = {isa = PBXFileReference; lastKnownFileType = text.plist.xml; path = Info.plist; sourceTree = "<group>"; };
		0B61D43C272D353F00C9FC14 /* HomeJsonModel.swift */ = {isa = PBXFileReference; lastKnownFileType = sourcecode.swift; path = HomeJsonModel.swift; sourceTree = "<group>"; };
		0B61D43E272D369C00C9FC14 /* JsonWebService.swift */ = {isa = PBXFileReference; lastKnownFileType = sourcecode.swift; path = JsonWebService.swift; sourceTree = "<group>"; };
		0B61D440272D504800C9FC14 /* ServiceColViewCell.swift */ = {isa = PBXFileReference; lastKnownFileType = sourcecode.swift; path = ServiceColViewCell.swift; sourceTree = "<group>"; };
		0B61D442272D507100C9FC14 /* PopularColViewCell.swift */ = {isa = PBXFileReference; lastKnownFileType = sourcecode.swift; path = PopularColViewCell.swift; sourceTree = "<group>"; };
		0B61D444272D508900C9FC14 /* PostColViewCell.swift */ = {isa = PBXFileReference; lastKnownFileType = sourcecode.swift; path = PostColViewCell.swift; sourceTree = "<group>"; };
		163ED9D6398F7CAAE1B6CA43 /* Pods-ArmutStudyCase.release.xcconfig */ = {isa = PBXFileReference; includeInIndex = 1; lastKnownFileType = text.xcconfig; name = "Pods-ArmutStudyCase.release.xcconfig"; path = "Target Support Files/Pods-ArmutStudyCase/Pods-ArmutStudyCase.release.xcconfig"; sourceTree = "<group>"; };
		57AAFE270934A22515B698EB /* Pods-ArmutStudyCase.debug.xcconfig */ = {isa = PBXFileReference; includeInIndex = 1; lastKnownFileType = text.xcconfig; name = "Pods-ArmutStudyCase.debug.xcconfig"; path = "Target Support Files/Pods-ArmutStudyCase/Pods-ArmutStudyCase.debug.xcconfig"; sourceTree = "<group>"; };
		88A3115CD0D34CE6CD8C424A /* Pods_ArmutStudyCase.framework */ = {isa = PBXFileReference; explicitFileType = wrapper.framework; includeInIndex = 0; path = Pods_ArmutStudyCase.framework; sourceTree = BUILT_PRODUCTS_DIR; };
/* End PBXFileReference section */

/* Begin PBXFrameworksBuildPhase section */
		0B61D41C272D31CF00C9FC14 /* Frameworks */ = {
			isa = PBXFrameworksBuildPhase;
			buildActionMask = 2147483647;
			files = (
				D81FA5049305E2F7AEC86877 /* Pods_ArmutStudyCase.framework in Frameworks */,
			);
			runOnlyForDeploymentPostprocessing = 0;
		};
/* End PBXFrameworksBuildPhase section */

/* Begin PBXGroup section */
		0B61D416272D31CF00C9FC14 = {
			isa = PBXGroup;
			children = (
				0B61D421272D31CF00C9FC14 /* ArmutStudyCase */,
				0B61D420272D31CF00C9FC14 /* Products */,
				4D3F4D56F83696767F5898FA /* Pods */,
				FAF5EB2F0DA6791F11AE6FA7 /* Frameworks */,
			);
			sourceTree = "<group>";
		};
		0B61D420272D31CF00C9FC14 /* Products */ = {
			isa = PBXGroup;
			children = (
				0B61D41F272D31CF00C9FC14 /* ArmutStudyCase.app */,
			);
			name = Products;
			sourceTree = "<group>";
		};
		0B61D421272D31CF00C9FC14 /* ArmutStudyCase */ = {
			isa = PBXGroup;
			children = (
				0B61D436272D31FB00C9FC14 /* Resources */,
				0B61D437272D320400C9FC14 /* Services */,
				0B61D438272D320D00C9FC14 /* Models */,
				0B61D439272D321400C9FC14 /* ViewModels */,
				0B61D43A272D321C00C9FC14 /* Controllers */,
				0B61D43B272D322600C9FC14 /* Views */,
				0B61D42B272D31D000C9FC14 /* Assets.xcassets */,
				0B61D430272D31D000C9FC14 /* Info.plist */,
			);
			path = ArmutStudyCase;
			sourceTree = "<group>";
		};
		0B61D436272D31FB00C9FC14 /* Resources */ = {
			isa = PBXGroup;
			children = (
				0B61D424272D31CF00C9FC14 /* SceneDelegate.swift */,
				0B61D422272D31CF00C9FC14 /* AppDelegate.swift */,
			);
			path = Resources;
			sourceTree = "<group>";
		};
		0B61D437272D320400C9FC14 /* Services */ = {
			isa = PBXGroup;
			children = (
				0B61D43E272D369C00C9FC14 /* JsonWebService.swift */,
			);
			path = Services;
			sourceTree = "<group>";
		};
		0B61D438272D320D00C9FC14 /* Models */ = {
			isa = PBXGroup;
			children = (
				0B61D43C272D353F00C9FC14 /* HomeJsonModel.swift */,
			);
			path = Models;
			sourceTree = "<group>";
		};
		0B61D439272D321400C9FC14 /* ViewModels */ = {
			isa = PBXGroup;
			children = (
				0B61D440272D504800C9FC14 /* ServiceColViewCell.swift */,
				0B61D442272D507100C9FC14 /* PopularColViewCell.swift */,
				0B61D444272D508900C9FC14 /* PostColViewCell.swift */,
			);
			path = ViewModels;
			sourceTree = "<group>";
		};
		0B61D43A272D321C00C9FC14 /* Controllers */ = {
			isa = PBXGroup;
			children = (
				0B61D426272D31CF00C9FC14 /* HomeVC.swift */,
			);
			path = Controllers;
			sourceTree = "<group>";
		};
		0B61D43B272D322600C9FC14 /* Views */ = {
			isa = PBXGroup;
			children = (
				0B61D428272D31CF00C9FC14 /* Main.storyboard */,
				0B61D42D272D31D000C9FC14 /* LaunchScreen.storyboard */,
			);
			path = Views;
			sourceTree = "<group>";
		};
		4D3F4D56F83696767F5898FA /* Pods */ = {
			isa = PBXGroup;
			children = (
				57AAFE270934A22515B698EB /* Pods-ArmutStudyCase.debug.xcconfig */,
				163ED9D6398F7CAAE1B6CA43 /* Pods-ArmutStudyCase.release.xcconfig */,
			);
			name = Pods;
			path = Pods;
			sourceTree = "<group>";
		};
		FAF5EB2F0DA6791F11AE6FA7 /* Frameworks */ = {
			isa = PBXGroup;
			children = (
				88A3115CD0D34CE6CD8C424A /* Pods_ArmutStudyCase.framework */,
			);
			name = Frameworks;
			sourceTree = "<group>";
		};
/* End PBXGroup section */

/* Begin PBXNativeTarget section */
		0B61D41E272D31CF00C9FC14 /* ArmutStudyCase */ = {
			isa = PBXNativeTarget;
			buildConfigurationList = 0B61D433272D31D000C9FC14 /* Build configuration list for PBXNativeTarget "ArmutStudyCase" */;
			buildPhases = (
				D5B1D69CA821D43850648DDA /* [CP] Check Pods Manifest.lock */,
				0B61D41B272D31CF00C9FC14 /* Sources */,
				0B61D41C272D31CF00C9FC14 /* Frameworks */,
				0B61D41D272D31CF00C9FC14 /* Resources */,
				2E45E53B96AE76262EC9A46E /* [CP] Embed Pods Frameworks */,
			);
			buildRules = (
			);
			dependencies = (
			);
			name = ArmutStudyCase;
			productName = ArmutStudyCase;
			productReference = 0B61D41F272D31CF00C9FC14 /* ArmutStudyCase.app */;
			productType = "com.apple.product-type.application";
		};
/* End PBXNativeTarget section */

/* Begin PBXProject section */
		0B61D417272D31CF00C9FC14 /* Project object */ = {
			isa = PBXProject;
			attributes = {
				BuildIndependentTargetsInParallel = 1;
				LastSwiftUpdateCheck = 1310;
				LastUpgradeCheck = 1310;
				TargetAttributes = {
					0B61D41E272D31CF00C9FC14 = {
						CreatedOnToolsVersion = 13.1;
					};
				};
			};
			buildConfigurationList = 0B61D41A272D31CF00C9FC14 /* Build configuration list for PBXProject "ArmutStudyCase" */;
			compatibilityVersion = "Xcode 13.0";
			developmentRegion = en;
			hasScannedForEncodings = 0;
			knownRegions = (
				en,
				Base,
			);
			mainGroup = 0B61D416272D31CF00C9FC14;
			productRefGroup = 0B61D420272D31CF00C9FC14 /* Products */;
			projectDirPath = "";
			projectRoot = "";
			targets = (
				0B61D41E272D31CF00C9FC14 /* ArmutStudyCase */,
			);
		};
/* End PBXProject section */

/* Begin PBXResourcesBuildPhase section */
		0B61D41D272D31CF00C9FC14 /* Resources */ = {
			isa = PBXResourcesBuildPhase;
			buildActionMask = 2147483647;
			files = (
				0B61D42F272D31D000C9FC14 /* LaunchScreen.storyboard in Resources */,
				0B61D42C272D31D000C9FC14 /* Assets.xcassets in Resources */,
				0B61D42A272D31CF00C9FC14 /* Main.storyboard in Resources */,
			);
			runOnlyForDeploymentPostprocessing = 0;
		};
/* End PBXResourcesBuildPhase section */

/* Begin PBXShellScriptBuildPhase section */
		2E45E53B96AE76262EC9A46E /* [CP] Embed Pods Frameworks */ = {
			isa = PBXShellScriptBuildPhase;
			buildActionMask = 2147483647;
			files = (
			);
			inputFileListPaths = (
				"${PODS_ROOT}/Target Support Files/Pods-ArmutStudyCase/Pods-ArmutStudyCase-frameworks-${CONFIGURATION}-input-files.xcfilelist",
			);
			name = "[CP] Embed Pods Frameworks";
			outputFileListPaths = (
				"${PODS_ROOT}/Target Support Files/Pods-ArmutStudyCase/Pods-ArmutStudyCase-frameworks-${CONFIGURATION}-output-files.xcfilelist",
			);
			runOnlyForDeploymentPostprocessing = 0;
			shellPath = /bin/sh;
			shellScript = "\"${PODS_ROOT}/Target Support Files/Pods-ArmutStudyCase/Pods-ArmutStudyCase-frameworks.sh\"\n";
			showEnvVarsInLog = 0;
		};
		D5B1D69CA821D43850648DDA /* [CP] Check Pods Manifest.lock */ = {
			isa = PBXShellScriptBuildPhase;
			buildActionMask = 2147483647;
			files = (
			);
			inputFileListPaths = (
			);
			inputPaths = (
				"${PODS_PODFILE_DIR_PATH}/Podfile.lock",
				"${PODS_ROOT}/Manifest.lock",
			);
			name = "[CP] Check Pods Manifest.lock";
			outputFileListPaths = (
			);
			outputPaths = (
				"$(DERIVED_FILE_DIR)/Pods-ArmutStudyCase-checkManifestLockResult.txt",
			);
			runOnlyForDeploymentPostprocessing = 0;
			shellPath = /bin/sh;
			shellScript = "diff \"${PODS_PODFILE_DIR_PATH}/Podfile.lock\" \"${PODS_ROOT}/Manifest.lock\" > /dev/null\nif [ $? != 0 ] ; then\n    # print error to STDERR\n    echo \"error: The sandbox is not in sync with the Podfile.lock. Run 'pod install' or update your CocoaPods installation.\" >&2\n    exit 1\nfi\n# This output is used by Xcode 'outputs' to avoid re-running this script phase.\necho \"SUCCESS\" > \"${SCRIPT_OUTPUT_FILE_0}\"\n";
			showEnvVarsInLog = 0;
		};
/* End PBXShellScriptBuildPhase section */

/* Begin PBXSourcesBuildPhase section */
		0B61D41B272D31CF00C9FC14 /* Sources */ = {
			isa = PBXSourcesBuildPhase;
			buildActionMask = 2147483647;
			files = (
				0B61D427272D31CF00C9FC14 /* HomeVC.swift in Sources */,
				0B61D423272D31CF00C9FC14 /* AppDelegate.swift in Sources */,
				0B61D43F272D369C00C9FC14 /* JsonWebService.swift in Sources */,
				0B61D43D272D353F00C9FC14 /* HomeJsonModel.swift in Sources */,
				0B61D441272D504800C9FC14 /* ServiceColViewCell.swift in Sources */,
				0B61D425272D31CF00C9FC14 /* SceneDelegate.swift in Sources */,
				0B61D443272D507100C9FC14 /* PopularColViewCell.swift in Sources */,
				0B61D445272D508900C9FC14 /* PostColViewCell.swift in Sources */,
			);
			runOnlyForDeploymentPostprocessing = 0;
		};
/* End PBXSourcesBuildPhase section */

/* Begin PBXVariantGroup section */
		0B61D428272D31CF00C9FC14 /* Main.storyboard */ = {
			isa = PBXVariantGroup;
			children = (
				0B61D429272D31CF00C9FC14 /* Base */,
			);
			name = Main.storyboard;
			sourceTree = "<group>";
		};
		0B61D42D272D31D000C9FC14 /* LaunchScreen.storyboard */ = {
			isa = PBXVariantGroup;
			children = (
				0B61D42E272D31D000C9FC14 /* Base */,
			);
			name = LaunchScreen.storyboard;
			sourceTree = "<group>";
		};
/* End PBXVariantGroup section */

/* Begin XCBuildConfiguration section */
		0B61D431272D31D000C9FC14 /* Debug */ = {
			isa = XCBuildConfiguration;
			buildSettings = {
				ALWAYS_SEARCH_USER_PATHS = NO;
				CLANG_ANALYZER_NONNULL = YES;
				CLANG_ANALYZER_NUMBER_OBJECT_CONVERSION = YES_AGGRESSIVE;
				CLANG_CXX_LANGUAGE_STANDARD = "gnu++17";
				CLANG_CXX_LIBRARY = "libc++";
				CLANG_ENABLE_MODULES = YES;
				CLANG_ENABLE_OBJC_ARC = YES;
				CLANG_ENABLE_OBJC_WEAK = YES;
				CLANG_WARN_BLOCK_CAPTURE_AUTORELEASING = YES;
				CLANG_WARN_BOOL_CONVERSION = YES;
				CLANG_WARN_COMMA = YES;
				CLANG_WARN_CONSTANT_CONVERSION = YES;
				CLANG_WARN_DEPRECATED_OBJC_IMPLEMENTATIONS = YES;
				CLANG_WARN_DIRECT_OBJC_ISA_USAGE = YES_ERROR;
				CLANG_WARN_DOCUMENTATION_COMMENTS = YES;
				CLANG_WARN_EMPTY_BODY = YES;
				CLANG_WARN_ENUM_CONVERSION = YES;
				CLANG_WARN_INFINITE_RECURSION = YES;
				CLANG_WARN_INT_CONVERSION = YES;
				CLANG_WARN_NON_LITERAL_NULL_CONVERSION = YES;
				CLANG_WARN_OBJC_IMPLICIT_RETAIN_SELF = YES;
				CLANG_WARN_OBJC_LITERAL_CONVERSION = YES;
				CLANG_WARN_OBJC_ROOT_CLASS = YES_ERROR;
				CLANG_WARN_QUOTED_INCLUDE_IN_FRAMEWORK_HEADER = YES;
				CLANG_WARN_RANGE_LOOP_ANALYSIS = YES;
				CLANG_WARN_STRICT_PROTOTYPES = YES;
				CLANG_WARN_SUSPICIOUS_MOVE = YES;
				CLANG_WARN_UNGUARDED_AVAILABILITY = YES_AGGRESSIVE;
				CLANG_WARN_UNREACHABLE_CODE = YES;
				CLANG_WARN__DUPLICATE_METHOD_MATCH = YES;
				COPY_PHASE_STRIP = NO;
				DEBUG_INFORMATION_FORMAT = dwarf;
				ENABLE_STRICT_OBJC_MSGSEND = YES;
				ENABLE_TESTABILITY = YES;
				GCC_C_LANGUAGE_STANDARD = gnu11;
				GCC_DYNAMIC_NO_PIC = NO;
				GCC_NO_COMMON_BLOCKS = YES;
				GCC_OPTIMIZATION_LEVEL = 0;
				GCC_PREPROCESSOR_DEFINITIONS = (
					"DEBUG=1",
					"$(inherited)",
				);
				GCC_WARN_64_TO_32_BIT_CONVERSION = YES;
				GCC_WARN_ABOUT_RETURN_TYPE = YES_ERROR;
				GCC_WARN_UNDECLARED_SELECTOR = YES;
				GCC_WARN_UNINITIALIZED_AUTOS = YES_AGGRESSIVE;
				GCC_WARN_UNUSED_FUNCTION = YES;
				GCC_WARN_UNUSED_VARIABLE = YES;
				IPHONEOS_DEPLOYMENT_TARGET = 15.0;
				MTL_ENABLE_DEBUG_INFO = INCLUDE_SOURCE;
				MTL_FAST_MATH = YES;
				ONLY_ACTIVE_ARCH = YES;
				SDKROOT = iphoneos;
				SWIFT_ACTIVE_COMPILATION_CONDITIONS = DEBUG;
				SWIFT_OPTIMIZATION_LEVEL = "-Onone";
			};
			name = Debug;
		};
		0B61D432272D31D000C9FC14 /* Release */ = {
			isa = XCBuildConfiguration;
			buildSettings = {
				ALWAYS_SEARCH_USER_PATHS = NO;
				CLANG_ANALYZER_NONNULL = YES;
				CLANG_ANALYZER_NUMBER_OBJECT_CONVERSION = YES_AGGRESSIVE;
				CLANG_CXX_LANGUAGE_STANDARD = "gnu++17";
				CLANG_CXX_LIBRARY = "libc++";
				CLANG_ENABLE_MODULES = YES;
				CLANG_ENABLE_OBJC_ARC = YES;
				CLANG_ENABLE_OBJC_WEAK = YES;
				CLANG_WARN_BLOCK_CAPTURE_AUTORELEASING = YES;
				CLANG_WARN_BOOL_CONVERSION = YES;
				CLANG_WARN_COMMA = YES;
				CLANG_WARN_CONSTANT_CONVERSION = YES;
				CLANG_WARN_DEPRECATED_OBJC_IMPLEMENTATIONS = YES;
				CLANG_WARN_DIRECT_OBJC_ISA_USAGE = YES_ERROR;
				CLANG_WARN_DOCUMENTATION_COMMENTS = YES;
				CLANG_WARN_EMPTY_BODY = YES;
				CLANG_WARN_ENUM_CONVERSION = YES;
				CLANG_WARN_INFINITE_RECURSION = YES;
				CLANG_WARN_INT_CONVERSION = YES;
				CLANG_WARN_NON_LITERAL_NULL_CONVERSION = YES;
				CLANG_WARN_OBJC_IMPLICIT_RETAIN_SELF = YES;
				CLANG_WARN_OBJC_LITERAL_CONVERSION = YES;
				CLANG_WARN_OBJC_ROOT_CLASS = YES_ERROR;
				CLANG_WARN_QUOTED_INCLUDE_IN_FRAMEWORK_HEADER = YES;
				CLANG_WARN_RANGE_LOOP_ANALYSIS = YES;
				CLANG_WARN_STRICT_PROTOTYPES = YES;
				CLANG_WARN_SUSPICIOUS_MOVE = YES;
				CLANG_WARN_UNGUARDED_AVAILABILITY = YES_AGGRESSIVE;
				CLANG_WARN_UNREACHABLE_CODE = YES;
				CLANG_WARN__DUPLICATE_METHOD_MATCH = YES;
				COPY_PHASE_STRIP = NO;
				DEBUG_INFORMATION_FORMAT = "dwarf-with-dsym";
				ENABLE_NS_ASSERTIONS = NO;
				ENABLE_STRICT_OBJC_MSGSEND = YES;
				GCC_C_LANGUAGE_STANDARD = gnu11;
				GCC_NO_COMMON_BLOCKS = YES;
				GCC_WARN_64_TO_32_BIT_CONVERSION = YES;
				GCC_WARN_ABOUT_RETURN_TYPE = YES_ERROR;
				GCC_WARN_UNDECLARED_SELECTOR = YES;
				GCC_WARN_UNINITIALIZED_AUTOS = YES_AGGRESSIVE;
				GCC_WARN_UNUSED_FUNCTION = YES;
				GCC_WARN_UNUSED_VARIABLE = YES;
				IPHONEOS_DEPLOYMENT_TARGET = 15.0;
				MTL_ENABLE_DEBUG_INFO = NO;
				MTL_FAST_MATH = YES;
				SDKROOT = iphoneos;
				SWIFT_COMPILATION_MODE = wholemodule;
				SWIFT_OPTIMIZATION_LEVEL = "-O";
				VALIDATE_PRODUCT = YES;
			};
			name = Release;
		};
		0B61D434272D31D000C9FC14 /* Debug */ = {
			isa = XCBuildConfiguration;
			baseConfigurationReference = 57AAFE270934A22515B698EB /* Pods-ArmutStudyCase.debug.xcconfig */;
			buildSettings = {
				ASSETCATALOG_COMPILER_APPICON_NAME = AppIcon;
				ASSETCATALOG_COMPILER_GLOBAL_ACCENT_COLOR_NAME = AccentColor;
				CODE_SIGN_STYLE = Automatic;
				CURRENT_PROJECT_VERSION = 1;
				DEVELOPMENT_TEAM = 4Y9HA26229;
				GENERATE_INFOPLIST_FILE = YES;
				INFOPLIST_FILE = ArmutStudyCase/Info.plist;
				INFOPLIST_KEY_UIApplicationSupportsIndirectInputEvents = YES;
				INFOPLIST_KEY_UILaunchStoryboardName = LaunchScreen;
				INFOPLIST_KEY_UIMainStoryboardFile = Main;
				INFOPLIST_KEY_UISupportedInterfaceOrientations = UIInterfaceOrientationPortrait;
				INFOPLIST_KEY_UISupportedInterfaceOrientations_iPad = "UIInterfaceOrientationPortrait UIInterfaceOrientationPortraitUpsideDown UIInterfaceOrientationLandscapeLeft UIInterfaceOrientationLandscapeRight";
				INFOPLIST_KEY_UISupportedInterfaceOrientations_iPhone = "UIInterfaceOrientationPortrait UIInterfaceOrientationLandscapeLeft UIInterfaceOrientationLandscapeRight";
				LD_RUNPATH_SEARCH_PATHS = (
					"$(inherited)",
					"@executable_path/Frameworks",
				);
				MARKETING_VERSION = 1.0;
				PRODUCT_BUNDLE_IDENTIFIER = com.alicankurt.ArmutStudyCase;
				PRODUCT_NAME = "$(TARGET_NAME)";
				SWIFT_EMIT_LOC_STRINGS = YES;
				SWIFT_VERSION = 5.0;
				TARGETED_DEVICE_FAMILY = "1,2";
			};
			name = Debug;
		};
		0B61D435272D31D000C9FC14 /* Release */ = {
			isa = XCBuildConfiguration;
			baseConfigurationReference = 163ED9D6398F7CAAE1B6CA43 /* Pods-ArmutStudyCase.release.xcconfig */;
			buildSettings = {
				ASSETCATALOG_COMPILER_APPICON_NAME = AppIcon;
				ASSETCATALOG_COMPILER_GLOBAL_ACCENT_COLOR_NAME = AccentColor;
				CODE_SIGN_STYLE = Automatic;
				CURRENT_PROJECT_VERSION = 1;
				DEVELOPMENT_TEAM = 4Y9HA26229;
				GENERATE_INFOPLIST_FILE = YES;
				INFOPLIST_FILE = ArmutStudyCase/Info.plist;
				INFOPLIST_KEY_UIApplicationSupportsIndirectInputEvents = YES;
				INFOPLIST_KEY_UILaunchStoryboardName = LaunchScreen;
				INFOPLIST_KEY_UIMainStoryboardFile = Main;
				INFOPLIST_KEY_UISupportedInterfaceOrientations = UIInterfaceOrientationPortrait;
				INFOPLIST_KEY_UISupportedInterfaceOrientations_iPad = "UIInterfaceOrientationPortrait UIInterfaceOrientationPortraitUpsideDown UIInterfaceOrientationLandscapeLeft UIInterfaceOrientationLandscapeRight";
				INFOPLIST_KEY_UISupportedInterfaceOrientations_iPhone = "UIInterfaceOrientationPortrait UIInterfaceOrientationLandscapeLeft UIInterfaceOrientationLandscapeRight";
				LD_RUNPATH_SEARCH_PATHS = (
					"$(inherited)",
					"@executable_path/Frameworks",
				);
				MARKETING_VERSION = 1.0;
				PRODUCT_BUNDLE_IDENTIFIER = com.alicankurt.ArmutStudyCase;
				PRODUCT_NAME = "$(TARGET_NAME)";
				SWIFT_EMIT_LOC_STRINGS = YES;
				SWIFT_VERSION = 5.0;
				TARGETED_DEVICE_FAMILY = "1,2";
			};
			name = Release;
		};
/* End XCBuildConfiguration section */

/* Begin XCConfigurationList section */
		0B61D41A272D31CF00C9FC14 /* Build configuration list for PBXProject "ArmutStudyCase" */ = {
			isa = XCConfigurationList;
			buildConfigurations = (
				0B61D431272D31D000C9FC14 /* Debug */,
				0B61D432272D31D000C9FC14 /* Release */,
			);
			defaultConfigurationIsVisible = 0;
			defaultConfigurationName = Release;
		};
		0B61D433272D31D000C9FC14 /* Build configuration list for PBXNativeTarget "ArmutStudyCase" */ = {
			isa = XCConfigurationList;
			buildConfigurations = (
				0B61D434272D31D000C9FC14 /* Debug */,
				0B61D435272D31D000C9FC14 /* Release */,
			);
			defaultConfigurationIsVisible = 0;
			defaultConfigurationName = Release;
		};
/* End XCConfigurationList section */
	};
	rootObject = 0B61D417272D31CF00C9FC14 /* Project object */;
}
